# THIS IS AN AUTOGENERATED FILE. DO NOT EDIT THIS FILE DIRECTLY.
# yarn lockfile v1


"@babel/parser@^7.15.0":
  version "7.16.0"
  resolved "https://registry.npmmirror.com/@babel/parser/download/@babel/parser-7.16.0.tgz?cache=0&sync_timestamp=1635560664733&other_urls=https%3A%2F%2Fregistry.npmmirror.com%2F%40babel%2Fparser%2Fdownload%2F%40babel%2Fparser-7.16.0.tgz#cf147d7ada0a3655e79bf4b08ee846f00a00a295"
  integrity sha1-zxR9etoKNlXnm/SwjuhG8AoAopU=

"@element-plus/icons@^0.0.11":
  version "0.0.11"
  resolved "https://registry.nlark.com/@element-plus/icons/download/@element-plus/icons-0.0.11.tgz#9b187c002774548b911850d17fa5fc2f9a515f57"
  integrity sha1-mxh8ACd0VIuRGFDRf6X8L5pRX1c=

"@popperjs/core@^2.10.2":
  version "2.10.2"
  resolved "https://registry.npmmirror.com/@popperjs/core/download/@popperjs/core-2.10.2.tgz#0798c03351f0dea1a5a4cabddf26a55a7cbee590"
  integrity sha1-B5jAM1Hw3qGlpMq93yalWny+5ZA=

"@vitejs/plugin-vue@^1.9.3":
  version "1.9.4"
  resolved "https://registry.npmmirror.com/@vitejs/plugin-vue/download/@vitejs/plugin-vue-1.9.4.tgz#4f48485432cbb986a9fb9d254dc33ce30ddccbfa"
  integrity sha1-T0hIVDLLuYap+50lTcM84w3cy/o=

"@vue/compiler-core@3.2.20":
  version "3.2.20"
  resolved "https://registry.npmmirror.com/@vue/compiler-core/download/@vue/compiler-core-3.2.20.tgz?cache=0&sync_timestamp=1633712761777&other_urls=https%3A%2F%2Fregistry.npmmirror.com%2F%40vue%2Fcompiler-core%2Fdownload%2F%40vue%2Fcompiler-core-3.2.20.tgz#af5a3c5237818835b0d0be837eb5885a8d21c160"
  integrity sha1-r1o8UjeBiDWw0L6DfrWIWo0hwWA=
  dependencies:
    "@babel/parser" "^7.15.0"
    "@vue/shared" "3.2.20"
    estree-walker "^2.0.2"
    source-map "^0.6.1"

"@vue/compiler-dom@3.2.20":
  version "3.2.20"
  resolved "https://registry.npmmirror.com/@vue/compiler-dom/download/@vue/compiler-dom-3.2.20.tgz?cache=0&sync_timestamp=1633712762936&other_urls=https%3A%2F%2Fregistry.npmmirror.com%2F%40vue%2Fcompiler-dom%2Fdownload%2F%40vue%2Fcompiler-dom-3.2.20.tgz#8e0ef354449c0faf41519b00bfc2045eae01dcb5"
  integrity sha1-jg7zVEScD69BUZsAv8IEXq4B3LU=
  dependencies:
    "@vue/compiler-core" "3.2.20"
    "@vue/shared" "3.2.20"

"@vue/compiler-sfc@3.2.20":
  version "3.2.20"
  resolved "https://registry.npmmirror.com/@vue/compiler-sfc/download/@vue/compiler-sfc-3.2.20.tgz?cache=0&sync_timestamp=1633712762379&other_urls=https%3A%2F%2Fregistry.npmmirror.com%2F%40vue%2Fcompiler-sfc%2Fdownload%2F%40vue%2Fcompiler-sfc-3.2.20.tgz#2d7668e76f066c566dd7c09c15c9acce4e876e0a"
  integrity sha1-LXZo528GbFZt18CcFcmszk6Hbgo=
  dependencies:
    "@babel/parser" "^7.15.0"
    "@vue/compiler-core" "3.2.20"
    "@vue/compiler-dom" "3.2.20"
    "@vue/compiler-ssr" "3.2.20"
    "@vue/ref-transform" "3.2.20"
    "@vue/shared" "3.2.20"
    estree-walker "^2.0.2"
    magic-string "^0.25.7"
    postcss "^8.1.10"
    source-map "^0.6.1"

"@vue/compiler-ssr@3.2.20":
  version "3.2.20"
  resolved "https://registry.npmmirror.com/@vue/compiler-ssr/download/@vue/compiler-ssr-3.2.20.tgz?cache=0&sync_timestamp=1633712764229&other_urls=https%3A%2F%2Fregistry.npmmirror.com%2F%40vue%2Fcompiler-ssr%2Fdownload%2F%40vue%2Fcompiler-ssr-3.2.20.tgz#9cceb6261d9932cb5568202610c1c28f86c5e521"
  integrity sha1-nM62Jh2ZMstVaCAmEMHCj4bF5SE=
  dependencies:
    "@vue/compiler-dom" "3.2.20"
    "@vue/shared" "3.2.20"

"@vue/devtools-api@^6.0.0-beta.11", "@vue/devtools-api@^6.0.0-beta.18":
  version "6.0.0-beta.19"
  resolved "https://registry.npmmirror.com/@vue/devtools-api/download/@vue/devtools-api-6.0.0-beta.19.tgz#f8e88059daa424515992426a0c7ea5cde07e99bf"
  integrity sha1-+OiAWdqkJFFZkkJqDH6lzeB+mb8=

"@vue/reactivity@3.2.20":
  version "3.2.20"
  resolved "https://registry.npmmirror.com/@vue/reactivity/download/@vue/reactivity-3.2.20.tgz?cache=0&sync_timestamp=1633712763526&other_urls=https%3A%2F%2Fregistry.npmmirror.com%2F%40vue%2Freactivity%2Fdownload%2F%40vue%2Freactivity-3.2.20.tgz#81fe1c368e7f20bc0ec1dec1045bbee253582de8"
  integrity sha1-gf4cNo5/ILwOwd7BBFu+4lNYLeg=
  dependencies:
    "@vue/shared" "3.2.20"

"@vue/ref-transform@3.2.20":
  version "3.2.20"
  resolved "https://registry.npmmirror.com/@vue/ref-transform/download/@vue/ref-transform-3.2.20.tgz?cache=0&sync_timestamp=1633712763825&other_urls=https%3A%2F%2Fregistry.npmmirror.com%2F%40vue%2Fref-transform%2Fdownload%2F%40vue%2Fref-transform-3.2.20.tgz#2a59ec90caf8e5c7336776a0900bff0a8b81c090"
  integrity sha1-KlnskMr45cczZ3agkAv/CouBwJA=
  dependencies:
    "@babel/parser" "^7.15.0"
    "@vue/compiler-core" "3.2.20"
    "@vue/shared" "3.2.20"
    estree-walker "^2.0.2"
    magic-string "^0.25.7"

"@vue/runtime-core@3.2.20":
  version "3.2.20"
  resolved "https://registry.npmmirror.com/@vue/runtime-core/download/@vue/runtime-core-3.2.20.tgz?cache=0&sync_timestamp=1633712764609&other_urls=https%3A%2F%2Fregistry.npmmirror.com%2F%40vue%2Fruntime-core%2Fdownload%2F%40vue%2Fruntime-core-3.2.20.tgz#8f63e956a3f88fb772541443c45a7701211012cb"
  integrity sha1-j2PpVqP4j7dyVBRDxFp3ASEQEss=
  dependencies:
    "@vue/reactivity" "3.2.20"
    "@vue/shared" "3.2.20"

"@vue/runtime-dom@3.2.20":
  version "3.2.20"
  resolved "https://registry.npmmirror.com/@vue/runtime-dom/download/@vue/runtime-dom-3.2.20.tgz?cache=0&sync_timestamp=1633712766458&other_urls=https%3A%2F%2Fregistry.npmmirror.com%2F%40vue%2Fruntime-dom%2Fdownload%2F%40vue%2Fruntime-dom-3.2.20.tgz#8aa56ae6c30f9cd4a71ca0e9ec3c4bdc67148d15"
  integrity sha1-iqVq5sMPnNSnHKDp7DxL3GcUjRU=
  dependencies:
    "@vue/runtime-core" "3.2.20"
    "@vue/shared" "3.2.20"
    csstype "^2.6.8"

"@vue/server-renderer@3.2.20":
  version "3.2.20"
  resolved "https://registry.npmmirror.com/@vue/server-renderer/download/@vue/server-renderer-3.2.20.tgz?cache=0&sync_timestamp=1633712766117&other_urls=https%3A%2F%2Fregistry.npmmirror.com%2F%40vue%2Fserver-renderer%2Fdownload%2F%40vue%2Fserver-renderer-3.2.20.tgz#705e07ae9425132b2b6227d308a51a13f4d4ec81"
  integrity sha1-cF4HrpQlEysrYifTCKUaE/TU7IE=
  dependencies:
    "@vue/compiler-ssr" "3.2.20"
    "@vue/shared" "3.2.20"

"@vue/shared@3.2.20":
  version "3.2.20"
  resolved "https://registry.npmmirror.com/@vue/shared/download/@vue/shared-3.2.20.tgz?cache=0&sync_timestamp=1633712765807&other_urls=https%3A%2F%2Fregistry.npmmirror.com%2F%40vue%2Fshared%2Fdownload%2F%40vue%2Fshared-3.2.20.tgz#53746961f731a8ea666e3316271e944238dc31db"
  integrity sha1-U3RpYfcxqOpmbjMWJx6UQjjcMds=

"@vueuse/core@~6.1.0":
  version "6.1.0"
  resolved "https://registry.npmmirror.com/@vueuse/core/download/@vueuse/core-6.1.0.tgz?cache=0&sync_timestamp=1635386334875&other_urls=https%3A%2F%2Fregistry.npmmirror.com%2F%40vueuse%2Fcore%2Fdownload%2F%40vueuse%2Fcore-6.1.0.tgz#8137c291cf49b11c2deda4d5079096e55b36fc28"
  integrity sha1-gTfCkc9JsRwt7aTVB5CW5Vs2/Cg=
  dependencies:
    "@vueuse/shared" "6.1.0"
    vue-demi "*"

"@vueuse/shared@6.1.0":
  version "6.1.0"
  resolved "https://registry.npmmirror.com/@vueuse/shared/download/@vueuse/shared-6.1.0.tgz?cache=0&sync_timestamp=1635386663669&other_urls=https%3A%2F%2Fregistry.npmmirror.com%2F%40vueuse%2Fshared%2Fdownload%2F%40vueuse%2Fshared-6.1.0.tgz#1375fd41acefe52f9a1842f3c6a8a348786535ba"
  integrity sha1-E3X9Qazv5S+aGELzxqijSHhlNbo=
  dependencies:
    vue-demi "*"

anymatch@~3.1.2:
  version "3.1.2"
  resolved "https://registry.npm.taobao.org/anymatch/download/anymatch-3.1.2.tgz?cache=0&sync_timestamp=1617747502795&other_urls=https%3A%2F%2Fregistry.npm.taobao.org%2Fanymatch%2Fdownload%2Fanymatch-3.1.2.tgz#c0557c096af32f106198f4f4e2a383537e378716"
  integrity sha1-wFV8CWrzLxBhmPT04qODU343hxY=
  dependencies:
    normalize-path "^3.0.0"
    picomatch "^2.0.4"

async-validator@^4.0.3:
  version "4.0.7"
  resolved "https://registry.npmmirror.com/async-validator/download/async-validator-4.0.7.tgz?cache=0&sync_timestamp=1634529532378&other_urls=https%3A%2F%2Fregistry.npmmirror.com%2Fasync-validator%2Fdownload%2Fasync-validator-4.0.7.tgz#034a0fd2103a6b2ebf010da75183bec299247afe"
  integrity sha1-A0oP0hA6ay6/AQ2nUYO+wpkkev4=

axios@^0.24.0:
  version "0.24.0"
  resolved "https://registry.npmmirror.com/axios/download/axios-0.24.0.tgz#804e6fa1e4b9c5288501dd9dff56a7a0940d20d6"
  integrity sha1-gE5voeS5xSiFAd2d/1anoJQNINY=
  dependencies:
    follow-redirects "^1.14.4"

binary-extensions@^2.0.0:
  version "2.2.0"
  resolved "https://registry.nlark.com/binary-extensions/download/binary-extensions-2.2.0.tgz#75f502eeaf9ffde42fc98829645be4ea76bd9e2d"
  integrity sha1-dfUC7q+f/eQvyYgpZFvk6na9ni0=

braces@~3.0.2:
  version "3.0.2"
  resolved "https://registry.npm.taobao.org/braces/download/braces-3.0.2.tgz#3454e1a462ee8d599e236df336cd9ea4f8afe107"
  integrity sha1-NFThpGLujVmeI23zNs2epPiv4Qc=
  dependencies:
    fill-range "^7.0.1"

"chokidar@>=3.0.0 <4.0.0":
  version "3.5.2"
  resolved "https://registry.nlark.com/chokidar/download/chokidar-3.5.2.tgz#dba3976fcadb016f66fd365021d91600d01c1e75"
  integrity sha1-26OXb8rbAW9m/TZQIdkWANAcHnU=
  dependencies:
    anymatch "~3.1.2"
    braces "~3.0.2"
    glob-parent "~5.1.2"
    is-binary-path "~2.1.0"
    is-glob "~4.0.1"
    normalize-path "~3.0.0"
    readdirp "~3.6.0"
  optionalDependencies:
    fsevents "~2.3.2"

csstype@^2.6.8:
  version "2.6.18"
  resolved "https://registry.nlark.com/csstype/download/csstype-2.6.18.tgz?cache=0&sync_timestamp=1631540782346&other_urls=https%3A%2F%2Fregistry.nlark.com%2Fcsstype%2Fdownload%2Fcsstype-2.6.18.tgz#980a8b53085f34af313410af064f2bd241784218"
  integrity sha1-mAqLUwhfNK8xNBCvBk8r0kF4Qhg=

dayjs@^1.10.7:
  version "1.10.7"
  resolved "https://registry.nlark.com/dayjs/download/dayjs-1.10.7.tgz#2cf5f91add28116748440866a0a1d26f3a6ce468"
  integrity sha1-LPX5Gt0oEWdIRAhmoKHSbzps5Gg=

element-plus@^1.1.0-beta.24:
  version "1.1.0-beta.24"
  resolved "https://registry.npmmirror.com/element-plus/download/element-plus-1.1.0-beta.24.tgz?cache=0&sync_timestamp=1634700157489&other_urls=https%3A%2F%2Fregistry.npmmirror.com%2Felement-plus%2Fdownload%2Felement-plus-1.1.0-beta.24.tgz#858b05932ebc0be15419d3974d15be2a4f4b696c"
  integrity sha1-hYsFky68C+FUGdOXTRW+Kk9LaWw=
  dependencies:
    "@element-plus/icons" "^0.0.11"
    "@popperjs/core" "^2.10.2"
    "@vueuse/core" "~6.1.0"
    async-validator "^4.0.3"
    dayjs "^1.10.7"
    lodash "^4.17.21"
    memoize-one "^5.2.1"
    normalize-wheel-es "^1.1.0"
    resize-observer-polyfill "^1.5.1"

esbuild-android-arm64@0.13.11:
  version "0.13.11"
  resolved "https://registry.npmmirror.com/esbuild-android-arm64/download/esbuild-android-arm64-0.13.11.tgz?cache=0&sync_timestamp=1635604171835&other_urls=https%3A%2F%2Fregistry.npmmirror.com%2Fesbuild-android-arm64%2Fdownload%2Fesbuild-android-arm64-0.13.11.tgz#7e5c1ac5949275201ce341e8382583e2189a9426"
  integrity sha1-flwaxZSSdSAc40HoOCWD4hialCY=

esbuild-darwin-64@0.13.11:
  version "0.13.11"
  resolved "https://registry.npmmirror.com/esbuild-darwin-64/download/esbuild-darwin-64-0.13.11.tgz?cache=0&sync_timestamp=1635604173539&other_urls=https%3A%2F%2Fregistry.npmmirror.com%2Fesbuild-darwin-64%2Fdownload%2Fesbuild-darwin-64-0.13.11.tgz#ee479c7eb0e9fe6800f75985d224aefb5ef6ce37"
  integrity sha1-7kecfrDp/mgA91mF0iSu+172zjc=

esbuild-darwin-arm64@0.13.11:
  version "0.13.11"
  resolved "https://registry.npmmirror.com/esbuild-darwin-arm64/download/esbuild-darwin-arm64-0.13.11.tgz?cache=0&sync_timestamp=1635604174570&other_urls=https%3A%2F%2Fregistry.npmmirror.com%2Fesbuild-darwin-arm64%2Fdownload%2Fesbuild-darwin-arm64-0.13.11.tgz#2bac4548ebb9343d7d1587556f7215529a5f2b03"
  integrity sha1-K6xFSOu5ND19FYdVb3IVUppfKwM=

esbuild-freebsd-64@0.13.11:
  version "0.13.11"
  resolved "https://registry.npmmirror.com/esbuild-freebsd-64/download/esbuild-freebsd-64-0.13.11.tgz?cache=0&sync_timestamp=1635586997142&other_urls=https%3A%2F%2Fregistry.npmmirror.com%2Fesbuild-freebsd-64%2Fdownload%2Fesbuild-freebsd-64-0.13.11.tgz#bb15ad4469207d86432f71fe55e9f6b3f7b36a5c"
  integrity sha1-uxWtRGkgfYZDL3H+Ven2s/ezalw=

esbuild-freebsd-arm64@0.13.11:
  version "0.13.11"
  resolved "https://registry.npmmirror.com/esbuild-freebsd-arm64/download/esbuild-freebsd-arm64-0.13.11.tgz?cache=0&sync_timestamp=1635604175851&other_urls=https%3A%2F%2Fregistry.npmmirror.com%2Fesbuild-freebsd-arm64%2Fdownload%2Fesbuild-freebsd-arm64-0.13.11.tgz#de152c5c9349a864f71048f85217fb28bf4c80ab"
  integrity sha1-3hUsXJNJqGT3EEj4Uhf7KL9MgKs=

esbuild-linux-32@0.13.11:
  version "0.13.11"
  resolved "https://registry.npmmirror.com/esbuild-linux-32/download/esbuild-linux-32-0.13.11.tgz?cache=0&sync_timestamp=1635604176914&other_urls=https%3A%2F%2Fregistry.npmmirror.com%2Fesbuild-linux-32%2Fdownload%2Fesbuild-linux-32-0.13.11.tgz#3faa3f0a9573e2941ae17bc44f1a7564ef099206"
  integrity sha1-P6o/CpVz4pQa4XvETxp1ZO8JkgY=

esbuild-linux-64@0.13.11:
  version "0.13.11"
  resolved "https://registry.npmmirror.com/esbuild-linux-64/download/esbuild-linux-64-0.13.11.tgz?cache=0&sync_timestamp=1635604528399&other_urls=https%3A%2F%2Fregistry.npmmirror.com%2Fesbuild-linux-64%2Fdownload%2Fesbuild-linux-64-0.13.11.tgz#27aa61122e94208885dd82e344ba2f4c2b21127c"
  integrity sha1-J6phEi6UIIiF3YLjRLovTCshEnw=

esbuild-linux-arm64@0.13.11:
  version "0.13.11"
  resolved "https://registry.npmmirror.com/esbuild-linux-arm64/download/esbuild-linux-arm64-0.13.11.tgz#f1bde7bb543b7df45e98c404042198a69f8d1961"
  integrity sha1-8b3nu1Q7ffRemMQEBCGYpp+NGWE=

esbuild-linux-arm@0.13.11:
  version "0.13.11"
  resolved "https://registry.npmmirror.com/esbuild-linux-arm/download/esbuild-linux-arm-0.13.11.tgz#71b2d96b34dfd632c4d070e9b68af2be4242843f"
  integrity sha1-cbLZazTf1jLE0HDptoryvkJChD8=

esbuild-linux-mips64le@0.13.11:
  version "0.13.11"
  resolved "https://registry.npmmirror.com/esbuild-linux-mips64le/download/esbuild-linux-mips64le-0.13.11.tgz#56706fd15e107817e7b3cf670442fee2ade6109a"
  integrity sha1-VnBv0V4QeBfns89nBEL+4q3mEJo=

esbuild-linux-ppc64le@0.13.11:
  version "0.13.11"
  resolved "https://registry.npmmirror.com/esbuild-linux-ppc64le/download/esbuild-linux-ppc64le-0.13.11.tgz#7c1cfbfb4d7a7e7e6ac43335fe2c7759c7768226"
  integrity sha1-fBz7+016fn5qxDM1/ix3Wcd2giY=

esbuild-netbsd-64@0.13.11:
  version "0.13.11"
  resolved "https://registry.npmmirror.com/esbuild-netbsd-64/download/esbuild-netbsd-64-0.13.11.tgz#4423e6f10d5e19265bc52420db18fb728cc33122"
  integrity sha1-RCPm8Q1eGSZbxSQg2xj7cozDMSI=

esbuild-openbsd-64@0.13.11:
  version "0.13.11"
  resolved "https://registry.npmmirror.com/esbuild-openbsd-64/download/esbuild-openbsd-64-0.13.11.tgz?cache=0&other_urls=https%3A%2F%2Fregistry.npmmirror.com%2Fesbuild-openbsd-64%2Fdownload%2Fesbuild-openbsd-64-0.13.11.tgz#4eb706b9de245d7e2dbcfe60422932646bf12f1e"
  integrity sha1-TrcGud4kXX4tvP5gQikyZGvxLx4=

esbuild-sunos-64@0.13.11:
  version "0.13.11"
  resolved "https://registry.npmmirror.com/esbuild-sunos-64/download/esbuild-sunos-64-0.13.11.tgz?cache=0&sync_timestamp=1635604186807&other_urls=https%3A%2F%2Fregistry.npmmirror.com%2Fesbuild-sunos-64%2Fdownload%2Fesbuild-sunos-64-0.13.11.tgz#9f45d6db95111aab6205ea1d4c53fea64ba4aa91"
  integrity sha1-n0XW25URGqtiBeodTFP+pkukqpE=

esbuild-windows-32@0.13.11:
  version "0.13.11"
  resolved "https://registry.npmmirror.com/esbuild-windows-32/download/esbuild-windows-32-0.13.11.tgz?cache=0&sync_timestamp=1635604188041&other_urls=https%3A%2F%2Fregistry.npmmirror.com%2Fesbuild-windows-32%2Fdownload%2Fesbuild-windows-32-0.13.11.tgz#124f57ab53d490d20e6ad6852840d0820a9e7cd2"
  integrity sha1-Ek9Xq1PUkNIOataFKEDQggqefNI=

esbuild-windows-64@0.13.11:
  version "0.13.11"
  resolved "https://registry.npmmirror.com/esbuild-windows-64/download/esbuild-windows-64-0.13.11.tgz?cache=0&sync_timestamp=1635587968211&other_urls=https%3A%2F%2Fregistry.npmmirror.com%2Fesbuild-windows-64%2Fdownload%2Fesbuild-windows-64-0.13.11.tgz#ca03602516923c9569fb57b432a307bd4b92a4dd"
  integrity sha1-ygNgJRaSPJVp+1e0MqMHvUuSpN0=

esbuild-windows-arm64@0.13.11:
  version "0.13.11"
  resolved "https://registry.npmmirror.com/esbuild-windows-arm64/download/esbuild-windows-arm64-0.13.11.tgz?cache=0&other_urls=https%3A%2F%2Fregistry.npmmirror.com%2Fesbuild-windows-arm64%2Fdownload%2Fesbuild-windows-arm64-0.13.11.tgz#18ece72d27ffb467e3b30268013d93afaf74248d"
  integrity sha1-GOznLSf/tGfjswJoAT2Tr690JI0=

esbuild@^0.13.2:
  version "0.13.11"
  resolved "https://registry.npmmirror.com/esbuild/download/esbuild-0.13.11.tgz?cache=0&other_urls=https%3A%2F%2Fregistry.npmmirror.com%2Fesbuild%2Fdownload%2Fesbuild-0.13.11.tgz#30f27d79a871df8073ff5854058f2faf236077fe"
  integrity sha1-MPJ9eahx34Bz/1hUBY8vryNgd/4=
  optionalDependencies:
    esbuild-android-arm64 "0.13.11"
    esbuild-darwin-64 "0.13.11"
    esbuild-darwin-arm64 "0.13.11"
    esbuild-freebsd-64 "0.13.11"
    esbuild-freebsd-arm64 "0.13.11"
    esbuild-linux-32 "0.13.11"
    esbuild-linux-64 "0.13.11"
    esbuild-linux-arm "0.13.11"
    esbuild-linux-arm64 "0.13.11"
    esbuild-linux-mips64le "0.13.11"
    esbuild-linux-ppc64le "0.13.11"
    esbuild-netbsd-64 "0.13.11"
    esbuild-openbsd-64 "0.13.11"
    esbuild-sunos-64 "0.13.11"
    esbuild-windows-32 "0.13.11"
    esbuild-windows-64 "0.13.11"
    esbuild-windows-arm64 "0.13.11"

estree-walker@^2.0.2:
  version "2.0.2"
  resolved "https://registry.npm.taobao.org/estree-walker/download/estree-walker-2.0.2.tgz#52f010178c2a4c117a7757cfe942adb7d2da4cac"
  integrity sha1-UvAQF4wqTBF6d1fP6UKtt9LaTKw=

fill-range@^7.0.1:
  version "7.0.1"
  resolved "https://registry.npm.taobao.org/fill-range/download/fill-range-7.0.1.tgz#1919a6a7c75fe38b2c7c77e5198535da9acdda40"
  integrity sha1-GRmmp8df44ssfHflGYU12prN2kA=
  dependencies:
    to-regex-range "^5.0.1"

follow-redirects@^1.14.4:
  version "1.14.4"
  resolved "https://registry.nlark.com/follow-redirects/download/follow-redirects-1.14.4.tgz?cache=0&sync_timestamp=1631622206750&other_urls=https%3A%2F%2Fregistry.nlark.com%2Ffollow-redirects%2Fdownload%2Ffollow-redirects-1.14.4.tgz#838fdf48a8bbdd79e52ee51fb1c94e3ed98b9379"
  integrity sha1-g4/fSKi73XnlLuUfsclOPtmLk3k=

fsevents@~2.3.2:
  version "2.3.2"
  resolved "https://registry.npm.taobao.org/fsevents/download/fsevents-2.3.2.tgz#8a526f78b8fdf4623b709e0b975c52c24c02fd1a"
  integrity sha1-ilJveLj99GI7cJ4Ll1xSwkwC/Ro=

function-bind@^1.1.1:
  version "1.1.1"
  resolved "https://registry.npm.taobao.org/function-bind/download/function-bind-1.1.1.tgz#a56899d3ea3c9bab874bb9773b7c5ede92f4895d"
  integrity sha1-pWiZ0+o8m6uHS7l3O3xe3pL0iV0=

glob-parent@~5.1.2:
  version "5.1.2"
  resolved "https://registry.npmmirror.com/glob-parent/download/glob-parent-5.1.2.tgz?cache=0&sync_timestamp=1632953810778&other_urls=https%3A%2F%2Fregistry.npmmirror.com%2Fglob-parent%2Fdownload%2Fglob-parent-5.1.2.tgz#869832c58034fe68a4093c17dc15e8340d8401c4"
  integrity sha1-hpgyxYA0/mikCTwX3BXoNA2EAcQ=
  dependencies:
    is-glob "^4.0.1"

has@^1.0.3:
  version "1.0.3"
  resolved "https://registry.npm.taobao.org/has/download/has-1.0.3.tgz#722d7cbfc1f6aa8241f16dd814e011e1f41e8796"
  integrity sha1-ci18v8H2qoJB8W3YFOAR4fQeh5Y=
  dependencies:
    function-bind "^1.1.1"

is-binary-path@~2.1.0:
  version "2.1.0"
  resolved "https://registry.npm.taobao.org/is-binary-path/download/is-binary-path-2.1.0.tgz#ea1f7f3b80f064236e83470f86c09c254fb45b09"
  integrity sha1-6h9/O4DwZCNug0cPhsCcJU+0Wwk=
  dependencies:
    binary-extensions "^2.0.0"

is-core-module@^2.2.0:
  version "2.8.0"
  resolved "https://registry.npmmirror.com/is-core-module/download/is-core-module-2.8.0.tgz?cache=0&sync_timestamp=1634237061095&other_urls=https%3A%2F%2Fregistry.npmmirror.com%2Fis-core-module%2Fdownload%2Fis-core-module-2.8.0.tgz#0321336c3d0925e497fd97f5d95cb114a5ccd548"
  integrity sha1-AyEzbD0JJeSX/Zf12VyxFKXM1Ug=
  dependencies:
    has "^1.0.3"

is-extglob@^2.1.1:
  version "2.1.1"
  resolved "https://registry.nlark.com/is-extglob/download/is-extglob-2.1.1.tgz#a88c02535791f02ed37c76a1b9ea9773c833f8c2"
  integrity sha1-qIwCU1eR8C7TfHahueqXc8gz+MI=

is-glob@^4.0.1, is-glob@~4.0.1:
  version "4.0.3"
  resolved "https://registry.npmmirror.com/is-glob/download/is-glob-4.0.3.tgz#64f61e42cbbb2eec2071a9dac0b28ba1e65d5084"
  integrity sha1-ZPYeQsu7LuwgcanawLKLoeZdUIQ=
  dependencies:
    is-extglob "^2.1.1"

is-number@^7.0.0:
  version "7.0.0"
  resolved "https://registry.npm.taobao.org/is-number/download/is-number-7.0.0.tgz#7535345b896734d5f80c4d06c50955527a14f12b"
  integrity sha1-dTU0W4lnNNX4DE0GxQlVUnoU8Ss=

lodash@^4.17.21:
  version "4.17.21"
  resolved "https://registry.nlark.com/lodash/download/lodash-4.17.21.tgz#679591c564c3bffaae8454cf0b3df370c3d6911c"
  integrity sha1-Z5WRxWTDv/quhFTPCz3zcMPWkRw=

magic-string@^0.25.7:
  version "0.25.7"
  resolved "https://registry.npm.taobao.org/magic-string/download/magic-string-0.25.7.tgz#3f497d6fd34c669c6798dcb821f2ef31f5445051"
  integrity sha1-P0l9b9NMZpxnmNy4IfLvMfVEUFE=
  dependencies:
    sourcemap-codec "^1.4.4"

memoize-one@^5.2.1:
  version "5.2.1"
  resolved "https://registry.npmmirror.com/memoize-one/download/memoize-one-5.2.1.tgz?cache=0&other_urls=https%3A%2F%2Fregistry.npmmirror.com%2Fmemoize-one%2Fdownload%2Fmemoize-one-5.2.1.tgz#8337aa3c4335581839ec01c3d594090cebe8f00e"
  integrity sha1-gzeqPEM1WBg57AHD1ZQJDOvo8A4=

nanoid@^3.1.30:
  version "3.1.30"
  resolved "https://registry.npmmirror.com/nanoid/download/nanoid-3.1.30.tgz?cache=0&sync_timestamp=1634166241996&other_urls=https%3A%2F%2Fregistry.npmmirror.com%2Fnanoid%2Fdownload%2Fnanoid-3.1.30.tgz#63f93cc548d2a113dc5dfbc63bfa09e2b9b64362"
  integrity sha1-Y/k8xUjSoRPcXfvGO/oJ4rm2Q2I=

normalize-path@^3.0.0, normalize-path@~3.0.0:
  version "3.0.0"
  resolved "https://registry.nlark.com/normalize-path/download/normalize-path-3.0.0.tgz#0dcd69ff23a1c9b11fd0978316644a0388216a65"
  integrity sha1-Dc1p/yOhybEf0JeDFmRKA4ghamU=

normalize-wheel-es@^1.1.0:
  version "1.1.0"
  resolved "https://registry.npmmirror.com/normalize-wheel-es/download/normalize-wheel-es-1.1.0.tgz#db017af1dd5d4c6222c07ae38bc224049d25861e"
  integrity sha1-2wF68d1dTGIiwHrji8IkBJ0lhh4=

path-parse@^1.0.6:
  version "1.0.7"
  resolved "https://registry.nlark.com/path-parse/download/path-parse-1.0.7.tgz?cache=0&sync_timestamp=1621947783503&other_urls=https%3A%2F%2Fregistry.nlark.com%2Fpath-parse%2Fdownload%2Fpath-parse-1.0.7.tgz#fbc114b60ca42b30d9daf5858e4bd68bbedb6735"
  integrity sha1-+8EUtgykKzDZ2vWFjkvWi77bZzU=

picocolors@^1.0.0:
  version "1.0.0"
  resolved "https://registry.npmmirror.com/picocolors/download/picocolors-1.0.0.tgz#cb5bdc74ff3f51892236eaf79d68bc44564ab81c"
  integrity sha1-y1vcdP8/UYkiNur3nWi8RFZKuBw=

picomatch@^2.0.4, picomatch@^2.2.1:
  version "2.3.0"
  resolved "https://registry.nlark.com/picomatch/download/picomatch-2.3.0.tgz?cache=0&sync_timestamp=1621648305056&other_urls=https%3A%2F%2Fregistry.nlark.com%2Fpicomatch%2Fdownload%2Fpicomatch-2.3.0.tgz#f1f061de8f6a4bf022892e2d128234fb98302972"
  integrity sha1-8fBh3o9qS/AiiS4tEoI0+5gwKXI=

postcss@^8.1.10, postcss@^8.3.8:
  version "8.3.11"
  resolved "https://registry.npmmirror.com/postcss/download/postcss-8.3.11.tgz?cache=0&sync_timestamp=1634821260697&other_urls=https%3A%2F%2Fregistry.npmmirror.com%2Fpostcss%2Fdownload%2Fpostcss-8.3.11.tgz#c3beca7ea811cd5e1c4a3ec6d2e7599ef1f8f858"
  integrity sha1-w77KfqgRzV4cSj7G0udZnvH4+Fg=
  dependencies:
    nanoid "^3.1.30"
    picocolors "^1.0.0"
    source-map-js "^0.6.2"

readdirp@~3.6.0:
  version "3.6.0"
  resolved "https://registry.nlark.com/readdirp/download/readdirp-3.6.0.tgz#74a370bd857116e245b29cc97340cd431a02a6c7"
  integrity sha1-dKNwvYVxFuJFspzJc0DNQxoCpsc=
  dependencies:
    picomatch "^2.2.1"

resize-observer-polyfill@^1.5.1:
  version "1.5.1"
  resolved "https://registry.npm.taobao.org/resize-observer-polyfill/download/resize-observer-polyfill-1.5.1.tgz#0e9020dd3d21024458d4ebd27e23e40269810464"
  integrity sha1-DpAg3T0hAkRY1OvSfiPkAmmBBGQ=

resolve@^1.20.0:
  version "1.20.0"
  resolved "https://registry.npm.taobao.org/resolve/download/resolve-1.20.0.tgz#629a013fb3f70755d6f0b7935cc1c2c5378b1975"
  integrity sha1-YpoBP7P3B1XW8LeTXMHCxTeLGXU=
  dependencies:
    is-core-module "^2.2.0"
    path-parse "^1.0.6"

rollup@^2.57.0:
  version "2.58.3"
  resolved "https://registry.npmmirror.com/rollup/download/rollup-2.58.3.tgz?cache=0&sync_timestamp=1635229318454&other_urls=https%3A%2F%2Fregistry.npmmirror.com%2Frollup%2Fdownload%2Frollup-2.58.3.tgz#71a08138d9515fb65043b6a18618b2ed9ac8d239"
  integrity sha1-caCBONlRX7ZQQ7ahhhiy7ZrI0jk=
  optionalDependencies:
    fsevents "~2.3.2"

sass@^1.43.4:
  version "1.43.4"
  resolved "https://registry.npmmirror.com/sass/download/sass-1.43.4.tgz#68c7d6a1b004bef49af0d9caf750e9b252105d1f"
  integrity sha1-aMfWobAEvvSa8NnK91DpslIQXR8=
  dependencies:
    chokidar ">=3.0.0 <4.0.0"

source-map-js@^0.6.2:
  version "0.6.2"
  resolved "https://registry.npm.taobao.org/source-map-js/download/source-map-js-0.6.2.tgz#0bb5de631b41cfbda6cfba8bd05a80efdfd2385e"
  integrity sha1-C7XeYxtBz72mz7qL0FqA79/SOF4=

source-map@^0.6.1:
  version "0.6.1"
  resolved "https://registry.npm.taobao.org/source-map/download/source-map-0.6.1.tgz#74722af32e9614e9c287a8d0bbde48b5e2f1a263"
  integrity sha1-dHIq8y6WFOnCh6jQu95IteLxomM=

sourcemap-codec@^1.4.4:
  version "1.4.8"
  resolved "https://registry.nlark.com/sourcemap-codec/download/sourcemap-codec-1.4.8.tgz#ea804bd94857402e6992d05a38ef1ae35a9ab4c4"
  integrity sha1-6oBL2UhXQC5pktBaOO8a41qatMQ=

to-regex-range@^5.0.1:
  version "5.0.1"
  resolved "https://registry.nlark.com/to-regex-range/download/to-regex-range-5.0.1.tgz#1648c44aae7c8d988a326018ed72f5b4dd0392e4"
  integrity sha1-FkjESq58jZiKMmAY7XL1tN0DkuQ=
  dependencies:
    is-number "^7.0.0"

vite@^2.6.4:
  version "2.6.13"
  resolved "https://registry.npmmirror.com/vite/download/vite-2.6.13.tgz?cache=0&sync_timestamp=1635502552958&other_urls=https%3A%2F%2Fregistry.npmmirror.com%2Fvite%2Fdownload%2Fvite-2.6.13.tgz#16b3ec85a66d5b461ac29a903874d4357f9af432"
  integrity sha1-FrPshaZtW0YawpqQOHTUNX+a9DI=
  dependencies:
    esbuild "^0.13.2"
    postcss "^8.3.8"
    resolve "^1.20.0"
    rollup "^2.57.0"
  optionalDependencies:
    fsevents "~2.3.2"

vue-demi@*:
  version "0.12.0"
  resolved "https://registry.npmmirror.com/vue-demi/download/vue-demi-0.12.0.tgz#b202a01cdfc635443e41faea697d624caac0fa73"
  integrity sha1-sgKgHN/GNUQ+QfrqaX1iTKrA+nM=

vue-router@^4.0.12:
  version "4.0.12"
  resolved "https://registry.npmmirror.com/vue-router/download/vue-router-4.0.12.tgz?cache=0&sync_timestamp=1635261967567&other_urls=https%3A%2F%2Fregistry.npmmirror.com%2Fvue-router%2Fdownload%2Fvue-router-4.0.12.tgz#8dc792cddf5bb1abcc3908f9064136de7e13c460"
  integrity sha1-jceSzd9bsavMOQj5BkE23n4TxGA=
  dependencies:
    "@vue/devtools-api" "^6.0.0-beta.18"

vue@^3.2.16:
  version "3.2.20"
  resolved "https://registry.npmmirror.com/vue/download/vue-3.2.20.tgz?cache=0&sync_timestamp=1633712767060&other_urls=https%3A%2F%2Fregistry.npmmirror.com%2Fvue%2Fdownload%2Fvue-3.2.20.tgz#940f8aa8bf3e3be78243ca582bad41fcd45ae3e6"
  integrity sha1-lA+KqL8+O+eCQ8pYK61B/NRa4+Y=
  dependencies:
    "@vue/compiler-dom" "3.2.20"
    "@vue/compiler-sfc" "3.2.20"
    "@vue/runtime-dom" "3.2.20"
    "@vue/server-renderer" "3.2.20"
    "@vue/shared" "3.2.20"

vuex@^4.0.2:
  version "4.0.2"
  resolved "https://registry.nlark.com/vuex/download/vuex-4.0.2.tgz#f896dbd5bf2a0e963f00c67e9b610de749ccacc9"
  integrity sha1-+Jbb1b8qDpY/AMZ+m2EN50nMrMk=
  dependencies:
    "@vue/devtools-api" "^6.0.0-beta.11"
